
Microsoft Visual Studio Solution File, Format Version 12.00
# Visual Studio Version 17
VisualStudioVersion = 17.11.35219.272
MinimumVisualStudioVersion = 10.0.40219.1
Project("{9A19103F-16F7-4668-BE54-9A1E7A4F7556}") = "HelloBlazor.Auto", "HelloBlazor\HelloBlazor.Auto\HelloBlazor.Auto.csproj", "{36E8E7FD-4E60-4573-9FFB-406C5058349F}"
EndProject
Project("{9A19103F-16F7-4668-BE54-9A1E7A4F7556}") = "HelloBlazor.Auto.Client", "HelloBlazor\HelloBlazor.Auto.Client\HelloBlazor.Auto.Client.csproj", "{B2B47A01-D19E-408C-8E29-4F17E7BCFF38}"
EndProject
Project("{9A19103F-16F7-4668-BE54-9A1E7A4F7556}") = "HelloBlazor.SSR", "HelloBlazor.SSR\HelloBlazor.SSR.csproj", "{A4099253-D0EE-4A2B-A753-F3660A9A3DBC}"
EndProject
Project("{9A19103F-16F7-4668-BE54-9A1E7A4F7556}") = "HelloBlazor.Server", "HelloBlazor.Server\HelloBlazor.Server.csproj", "{CC6AE4EE-E904-454F-9B6F-03F2C69FFA1A}"
EndProject
Project("{2150E333-8FDC-42A3-9474-1A3956D46DE8}") = "Sample Projects", "Sample Projects", "{017E6B48-E210-456F-B66F-FFB83DDA71EC}"
EndProject
Project("{2150E333-8FDC-42A3-9474-1A3956D46DE8}") = "BethanysPieShop", "BethanysPieShop", "{6E15949A-7277-4ECD-A002-B505C239E547}"
EndProject
Project("{9A19103F-16F7-4668-BE54-9A1E7A4F7556}") = "BethanysPieShop.HRM.Shared", "BethanysPieShop.HRM.Shared\BethanysPieShop.HRM.Shared.csproj", "{5CBABCBF-663A-436B-BBA3-80C877487D50}"
EndProject
Project("{9A19103F-16F7-4668-BE54-9A1E7A4F7556}") = "BethanysPieShop.HRM", "BethanysPieShop.HRM\BethanysPieShop.HRM.csproj", "{F31CA89C-EC2E-4F15-A77E-B5D384FC91E9}"
EndProject
Project("{9A19103F-16F7-4668-BE54-9A1E7A4F7556}") = "HelloBlazor.WASM", "HelloBlazor.WASM\HelloBlazor.WASM\HelloBlazor.WASM.csproj", "{F8E7D768-32F0-4564-A297-561E63E0FAD5}"
EndProject
Project("{9A19103F-16F7-4668-BE54-9A1E7A4F7556}") = "HelloBlazor.WASM.Client", "HelloBlazor.WASM\HelloBlazor.WASM.Client\HelloBlazor.WASM.Client.csproj", "{57502E96-F303-41BF-8FB5-E0D1F04393C9}"
EndProject
Project("{9A19103F-16F7-4668-BE54-9A1E7A4F7556}") = "BethanysPieShop.HRM.Client", "BethanysPieShop.HRM.Client\BethanysPieShop.HRM.Client.csproj", "{A0E4581A-31CC-49F0-8B19-9BDCE0C26E50}"
EndProject
Project("{9A19103F-16F7-4668-BE54-9A1E7A4F7556}") = "HelloBlazor.RazorLibrary", "HelloBlazor.RazorLibrary\HelloBlazor.RazorLibrary.csproj", "{DA78B25F-B805-44AC-889F-E458594FC5DE}"
EndProject
Project("{9A19103F-16F7-4668-BE54-9A1E7A4F7556}") = "BethanysPieShop.HRM.ComponentsLibrary", "BethanysPieShop.HRM.ComponentsLibrary\BethanysPieShop.HRM.ComponentsLibrary.csproj", "{24092F87-5BFC-4334-80B5-A60B0702CD1C}"
EndProject
Project("{9A19103F-16F7-4668-BE54-9A1E7A4F7556}") = "BethanysPieShop.HRM.Tests", "BethanysPieShop.HRM.Tests\BethanysPieShop.HRM.Tests.csproj", "{4E99C60C-411E-439D-9FF7-DD5F64C61367}"
EndProject
Project("{9A19103F-16F7-4668-BE54-9A1E7A4F7556}") = "HelloBlazor.Maui", "HelloBlazor.Maui\HelloBlazor.Maui.csproj", "{3E480E89-0137-469A-992C-9572B1142B5F}"
EndProject
Project("{2150E333-8FDC-42A3-9474-1A3956D46DE8}") = "CoffeeBrowser", "CoffeeBrowser", "{F3E1DD09-B659-4153-A616-81AF366C8844}"
EndProject
Project("{9A19103F-16F7-4668-BE54-9A1E7A4F7556}") = "CoffeeBrowser.Maui", "CoffeeBrowser.Maui\CoffeeBrowser.Maui.csproj", "{2601F6C2-18CB-4109-8AFF-B9A54F1CB78A}"
EndProject
Project("{FAE04EC0-301F-11D3-BF4B-00C04F79EFBC}") = "CoffeeBrowser.Library", "CoffeeBrowser.Library\CoffeeBrowser.Library.csproj", "{48F749E1-6FF0-4D15-957F-098976CFAE22}"
EndProject
Project("{FAE04EC0-301F-11D3-BF4B-00C04F79EFBC}") = "CoffeeBrowser.BlazorWeb", "CoffeeBrowser.BlazorWeb\CoffeeBrowser.BlazorWeb.csproj", "{5CB378B4-DD92-45F7-95F9-5072A33614B1}"
EndProject
Global
	GlobalSection(SolutionConfigurationPlatforms) = preSolution
		Debug|Any CPU = Debug|Any CPU
		Release|Any CPU = Release|Any CPU
	EndGlobalSection
	GlobalSection(ProjectConfigurationPlatforms) = postSolution
		{36E8E7FD-4E60-4573-9FFB-406C5058349F}.Debug|Any CPU.ActiveCfg = Debug|Any CPU
		{36E8E7FD-4E60-4573-9FFB-406C5058349F}.Debug|Any CPU.Build.0 = Debug|Any CPU
		{36E8E7FD-4E60-4573-9FFB-406C5058349F}.Release|Any CPU.ActiveCfg = Release|Any CPU
		{36E8E7FD-4E60-4573-9FFB-406C5058349F}.Release|Any CPU.Build.0 = Release|Any CPU
		{B2B47A01-D19E-408C-8E29-4F17E7BCFF38}.Debug|Any CPU.ActiveCfg = Debug|Any CPU
		{B2B47A01-D19E-408C-8E29-4F17E7BCFF38}.Debug|Any CPU.Build.0 = Debug|Any CPU
		{B2B47A01-D19E-408C-8E29-4F17E7BCFF38}.Release|Any CPU.ActiveCfg = Release|Any CPU
		{B2B47A01-D19E-408C-8E29-4F17E7BCFF38}.Release|Any CPU.Build.0 = Release|Any CPU
		{A4099253-D0EE-4A2B-A753-F3660A9A3DBC}.Debug|Any CPU.ActiveCfg = Debug|Any CPU
		{A4099253-D0EE-4A2B-A753-F3660A9A3DBC}.Debug|Any CPU.Build.0 = Debug|Any CPU
		{A4099253-D0EE-4A2B-A753-F3660A9A3DBC}.Release|Any CPU.ActiveCfg = Release|Any CPU
		{A4099253-D0EE-4A2B-A753-F3660A9A3DBC}.Release|Any CPU.Build.0 = Release|Any CPU
		{CC6AE4EE-E904-454F-9B6F-03F2C69FFA1A}.Debug|Any CPU.ActiveCfg = Debug|Any CPU
		{CC6AE4EE-E904-454F-9B6F-03F2C69FFA1A}.Debug|Any CPU.Build.0 = Debug|Any CPU
		{CC6AE4EE-E904-454F-9B6F-03F2C69FFA1A}.Release|Any CPU.ActiveCfg = Release|Any CPU
		{CC6AE4EE-E904-454F-9B6F-03F2C69FFA1A}.Release|Any CPU.Build.0 = Release|Any CPU
		{5CBABCBF-663A-436B-BBA3-80C877487D50}.Debug|Any CPU.ActiveCfg = Debug|Any CPU
		{5CBABCBF-663A-436B-BBA3-80C877487D50}.Debug|Any CPU.Build.0 = Debug|Any CPU
		{5CBABCBF-663A-436B-BBA3-80C877487D50}.Release|Any CPU.ActiveCfg = Release|Any CPU
		{5CBABCBF-663A-436B-BBA3-80C877487D50}.Release|Any CPU.Build.0 = Release|Any CPU
		{F31CA89C-EC2E-4F15-A77E-B5D384FC91E9}.Debug|Any CPU.ActiveCfg = Debug|Any CPU
		{F31CA89C-EC2E-4F15-A77E-B5D384FC91E9}.Debug|Any CPU.Build.0 = Debug|Any CPU
		{F31CA89C-EC2E-4F15-A77E-B5D384FC91E9}.Release|Any CPU.ActiveCfg = Release|Any CPU
		{F31CA89C-EC2E-4F15-A77E-B5D384FC91E9}.Release|Any CPU.Build.0 = Release|Any CPU
		{F8E7D768-32F0-4564-A297-561E63E0FAD5}.Debug|Any CPU.ActiveCfg = Debug|Any CPU
		{F8E7D768-32F0-4564-A297-561E63E0FAD5}.Debug|Any CPU.Build.0 = Debug|Any CPU
		{F8E7D768-32F0-4564-A297-561E63E0FAD5}.Release|Any CPU.ActiveCfg = Release|Any CPU
		{F8E7D768-32F0-4564-A297-561E63E0FAD5}.Release|Any CPU.Build.0 = Release|Any CPU
		{57502E96-F303-41BF-8FB5-E0D1F04393C9}.Debug|Any CPU.ActiveCfg = Debug|Any CPU
		{57502E96-F303-41BF-8FB5-E0D1F04393C9}.Debug|Any CPU.Build.0 = Debug|Any CPU
		{57502E96-F303-41BF-8FB5-E0D1F04393C9}.Release|Any CPU.ActiveCfg = Release|Any CPU
		{57502E96-F303-41BF-8FB5-E0D1F04393C9}.Release|Any CPU.Build.0 = Release|Any CPU
		{A0E4581A-31CC-49F0-8B19-9BDCE0C26E50}.Debug|Any CPU.ActiveCfg = Debug|Any CPU
		{A0E4581A-31CC-49F0-8B19-9BDCE0C26E50}.Debug|Any CPU.Build.0 = Debug|Any CPU
		{A0E4581A-31CC-49F0-8B19-9BDCE0C26E50}.Release|Any CPU.ActiveCfg = Release|Any CPU
		{A0E4581A-31CC-49F0-8B19-9BDCE0C26E50}.Release|Any CPU.Build.0 = Release|Any CPU
		{DA78B25F-B805-44AC-889F-E458594FC5DE}.Debug|Any CPU.ActiveCfg = Debug|Any CPU
		{DA78B25F-B805-44AC-889F-E458594FC5DE}.Debug|Any CPU.Build.0 = Debug|Any CPU
		{DA78B25F-B805-44AC-889F-E458594FC5DE}.Release|Any CPU.ActiveCfg = Release|Any CPU
		{DA78B25F-B805-44AC-889F-E458594FC5DE}.Release|Any CPU.Build.0 = Release|Any CPU
		{24092F87-5BFC-4334-80B5-A60B0702CD1C}.Debug|Any CPU.ActiveCfg = Debug|Any CPU
		{24092F87-5BFC-4334-80B5-A60B0702CD1C}.Debug|Any CPU.Build.0 = Debug|Any CPU
		{24092F87-5BFC-4334-80B5-A60B0702CD1C}.Release|Any CPU.ActiveCfg = Release|Any CPU
		{24092F87-5BFC-4334-80B5-A60B0702CD1C}.Release|Any CPU.Build.0 = Release|Any CPU
		{4E99C60C-411E-439D-9FF7-DD5F64C61367}.Debug|Any CPU.ActiveCfg = Debug|Any CPU
		{4E99C60C-411E-439D-9FF7-DD5F64C61367}.Debug|Any CPU.Build.0 = Debug|Any CPU
		{4E99C60C-411E-439D-9FF7-DD5F64C61367}.Release|Any CPU.ActiveCfg = Release|Any CPU
		{4E99C60C-411E-439D-9FF7-DD5F64C61367}.Release|Any CPU.Build.0 = Release|Any CPU
		{3E480E89-0137-469A-992C-9572B1142B5F}.Debug|Any CPU.ActiveCfg = Debug|Any CPU
		{3E480E89-0137-469A-992C-9572B1142B5F}.Debug|Any CPU.Build.0 = Debug|Any CPU
		{3E480E89-0137-469A-992C-9572B1142B5F}.Debug|Any CPU.Deploy.0 = Debug|Any CPU
		{3E480E89-0137-469A-992C-9572B1142B5F}.Release|Any CPU.ActiveCfg = Release|Any CPU
		{3E480E89-0137-469A-992C-9572B1142B5F}.Release|Any CPU.Build.0 = Release|Any CPU
		{3E480E89-0137-469A-992C-9572B1142B5F}.Release|Any CPU.Deploy.0 = Release|Any CPU
		{2601F6C2-18CB-4109-8AFF-B9A54F1CB78A}.Debug|Any CPU.ActiveCfg = Debug|Any CPU
		{2601F6C2-18CB-4109-8AFF-B9A54F1CB78A}.Debug|Any CPU.Build.0 = Debug|Any CPU
		{2601F6C2-18CB-4109-8AFF-B9A54F1CB78A}.Debug|Any CPU.Deploy.0 = Debug|Any CPU
		{2601F6C2-18CB-4109-8AFF-B9A54F1CB78A}.Release|Any CPU.ActiveCfg = Release|Any CPU
		{2601F6C2-18CB-4109-8AFF-B9A54F1CB78A}.Release|Any CPU.Build.0 = Release|Any CPU
		{2601F6C2-18CB-4109-8AFF-B9A54F1CB78A}.Release|Any CPU.Deploy.0 = Release|Any CPU
		{48F749E1-6FF0-4D15-957F-098976CFAE22}.Debug|Any CPU.ActiveCfg = Debug|Any CPU
		{48F749E1-6FF0-4D15-957F-098976CFAE22}.Debug|Any CPU.Build.0 = Debug|Any CPU
		{48F749E1-6FF0-4D15-957F-098976CFAE22}.Release|Any CPU.ActiveCfg = Release|Any CPU
		{48F749E1-6FF0-4D15-957F-098976CFAE22}.Release|Any CPU.Build.0 = Release|Any CPU
		{5CB378B4-DD92-45F7-95F9-5072A33614B1}.Debug|Any CPU.ActiveCfg = Debug|Any CPU
		{5CB378B4-DD92-45F7-95F9-5072A33614B1}.Debug|Any CPU.Build.0 = Debug|Any CPU
		{5CB378B4-DD92-45F7-95F9-5072A33614B1}.Release|Any CPU.ActiveCfg = Release|Any CPU
		{5CB378B4-DD92-45F7-95F9-5072A33614B1}.Release|Any CPU.Build.0 = Release|Any CPU
	EndGlobalSection
	GlobalSection(SolutionProperties) = preSolution
		HideSolutionNode = FALSE
	EndGlobalSection
	GlobalSection(NestedProjects) = preSolution
		{36E8E7FD-4E60-4573-9FFB-406C5058349F} = {017E6B48-E210-456F-B66F-FFB83DDA71EC}
		{B2B47A01-D19E-408C-8E29-4F17E7BCFF38} = {017E6B48-E210-456F-B66F-FFB83DDA71EC}
		{A4099253-D0EE-4A2B-A753-F3660A9A3DBC} = {017E6B48-E210-456F-B66F-FFB83DDA71EC}
		{CC6AE4EE-E904-454F-9B6F-03F2C69FFA1A} = {017E6B48-E210-456F-B66F-FFB83DDA71EC}
		{5CBABCBF-663A-436B-BBA3-80C877487D50} = {6E15949A-7277-4ECD-A002-B505C239E547}
		{F31CA89C-EC2E-4F15-A77E-B5D384FC91E9} = {6E15949A-7277-4ECD-A002-B505C239E547}
		{F8E7D768-32F0-4564-A297-561E63E0FAD5} = {017E6B48-E210-456F-B66F-FFB83DDA71EC}
		{57502E96-F303-41BF-8FB5-E0D1F04393C9} = {017E6B48-E210-456F-B66F-FFB83DDA71EC}
		{A0E4581A-31CC-49F0-8B19-9BDCE0C26E50} = {6E15949A-7277-4ECD-A002-B505C239E547}
		{DA78B25F-B805-44AC-889F-E458594FC5DE} = {017E6B48-E210-456F-B66F-FFB83DDA71EC}
		{24092F87-5BFC-4334-80B5-A60B0702CD1C} = {6E15949A-7277-4ECD-A002-B505C239E547}
		{4E99C60C-411E-439D-9FF7-DD5F64C61367} = {6E15949A-7277-4ECD-A002-B505C239E547}
		{3E480E89-0137-469A-992C-9572B1142B5F} = {017E6B48-E210-456F-B66F-FFB83DDA71EC}
		{2601F6C2-18CB-4109-8AFF-B9A54F1CB78A} = {F3E1DD09-B659-4153-A616-81AF366C8844}
		{48F749E1-6FF0-4D15-957F-098976CFAE22} = {F3E1DD09-B659-4153-A616-81AF366C8844}
		{5CB378B4-DD92-45F7-95F9-5072A33614B1} = {F3E1DD09-B659-4153-A616-81AF366C8844}
	EndGlobalSection
	GlobalSection(ExtensibilityGlobals) = postSolution
		SolutionGuid = {DE0E3994-C9C6-47CA-82D3-1EC0525119C4}
	EndGlobalSection
EndGlobal
